
Microsoft Visual Studio Solution File, Format Version 12.00
# Visual Studio Version 16
VisualStudioVersion = 16.0.29519.87
MinimumVisualStudioVersion = 10.0.40219.1
Project("{FAE04EC0-301F-11D3-BF4B-00C04F79EFBC}") = "ImportList", "ImportList\ImportList.csproj", "{049A3C66-7CD3-441E-B5B1-AA81C14DC1A8}"
EndProject
Global
	GlobalSection(SolutionConfigurationPlatforms) = preSolution
		Debug|Any CPU = Debug|Any CPU
		Release|Any CPU = Release|Any CPU
	EndGlobalSection
	GlobalSection(ProjectConfigurationPlatforms) = postSolution
		{049A3C66-7CD3-441E-B5B1-AA81C14DC1A8}.Debug|Any CPU.ActiveCfg = Debug|Any CPU
		{049A3C66-7CD3-441E-B5B1-AA81C14DC1A8}.Debug|Any CPU.Build.0 = Debug|Any CPU
		{049A3C66-7CD3-441E-B5B1-AA81C14DC1A8}.Release|Any CPU.ActiveCfg = Release|Any CPU
		{049A3C66-7CD3-441E-B5B1-AA81C14DC1A8}.Release|Any CPU.Build.0 = Release|Any CPU
	EndGlobalSection
	GlobalSection(SolutionProperties) = preSolution
		HideSolutionNode = FALSE
	EndGlobalSection
	GlobalSection(ExtensibilityGlobals) = postSolution
		SolutionGuid = {3C634EBE-72B9-49DE-AD28-463ABBEA495C}
	EndGlobalSection
EndGlobal
